
Microsoft Visual Studio Solution File, Format Version 12.00
# Visual Studio Version 17
VisualStudioVersion = 17.13.35919.96 d17.13
MinimumVisualStudioVersion = 10.0.40219.1
Project("{FAE04EC0-301F-11D3-BF4B-00C04F79EFBC}") = "designPatternProject", "designPatternProject\designPatternProject.csproj", "{BFB46123-4252-40B6-9495-DE68CBD7307E}"
EndProject
Global
	GlobalSection(SolutionConfigurationPlatforms) = preSolution
		Debug|Any CPU = Debug|Any CPU
		Release|Any CPU = Release|Any CPU
	EndGlobalSection
	GlobalSection(ProjectConfigurationPlatforms) = postSolution
		{BFB46123-4252-40B6-9495-DE68CBD7307E}.Debug|Any CPU.ActiveCfg = Debug|Any CPU
		{BFB46123-4252-40B6-9495-DE68CBD7307E}.Debug|Any CPU.Build.0 = Debug|Any CPU
		{BFB46123-4252-40B6-9495-DE68CBD7307E}.Release|Any CPU.ActiveCfg = Release|Any CPU
		{BFB46123-4252-40B6-9495-DE68CBD7307E}.Release|Any CPU.Build.0 = Release|Any CPU
	EndGlobalSection
	GlobalSection(SolutionProperties) = preSolution
		HideSolutionNode = FALSE
	EndGlobalSection
	GlobalSection(ExtensibilityGlobals) = postSolution
		SolutionGuid = {A5387A7A-D1C6-430A-9F50-B0F9569DCDDA}
	EndGlobalSection
EndGlobal
